// !$*UTF8*$!
{
	archiveVersion = 1;
	classes = {
	};
	objectVersion = 77;
	objects = {

/* Begin PBXBuildFile section */
		0494D3EE2F4740AE009C8271 /* whisper.cpp in Sources */ = {isa = PBXBuildFile; fileRef = 0494D3ED2F4740AE009C8271 /* whisper.cpp */; };
		0494D3F82F47421A009C8271 /* ggml-opt.cpp in Sources */ = {isa = PBXBuildFile; fileRef = 0494D3F42F47421A009C8271 /* ggml-opt.cpp */; };
		0494D3F92F47421A009C8271 /* ggml.c in Sources */ = {isa = PBXBuildFile; fileRef = 0494D3EF2F47421A009C8271 /* ggml.c */; };
		0494D3FA2F47421A009C8271 /* ggml-backend-reg.cpp in Sources */ = {isa = PBXBuildFile; fileRef = 0494D3F32F47421A009C8271 /* ggml-backend-reg.cpp */; };
		0494D3FB2F47421A009C8271 /* ggml-backend.cpp in Sources */ = {isa = PBXBuildFile; fileRef = 0494D3F22F47421A009C8271 /* ggml-backend.cpp */; };
		0494D3FC2F47421A009C8271 /* ggml-threading.cpp in Sources */ = {isa = PBXBuildFile; fileRef = 0494D3F62F47421A009C8271 /* ggml-threading.cpp */; };
		0494D3FD2F47421A009C8271 /* ggml-quants.c in Sources */ = {isa = PBXBuildFile; fileRef = 0494D3F52F47421A009C8271 /* ggml-quants.c */; };
		0494D3FE2F47421A009C8271 /* ggml.cpp in Sources */ = {isa = PBXBuildFile; fileRef = 0494D3F02F47421A009C8271 /* ggml.cpp */; };
		0494D3FF2F47421A009C8271 /* ggml-alloc.c in Sources */ = {isa = PBXBuildFile; fileRef = 0494D3F12F47421A009C8271 /* ggml-alloc.c */; };
		0494D4002F47421A009C8271 /* gguf.cpp in Sources */ = {isa = PBXBuildFile; fileRef = 0494D3F72F47421A009C8271 /* gguf.cpp */; };
		0494D40A2F47429A009C8271 /* ops.cpp in Sources */ = {isa = PBXBuildFile; fileRef = 0494D4042F47429A009C8271 /* ops.cpp */; };
		0494D40B2F47429A009C8271 /* traits.cpp in Sources */ = {isa = PBXBuildFile; fileRef = 0494D4072F47429A009C8271 /* traits.cpp */; };
		0494D40C2F47429A009C8271 /* vec.cpp in Sources */ = {isa = PBXBuildFile; fileRef = 0494D4092F47429A009C8271 /* vec.cpp */; };
		0494D40D2F47429A009C8271 /* binary-ops.cpp in Sources */ = {isa = PBXBuildFile; fileRef = 0494D4012F47429A009C8271 /* binary-ops.cpp */; };
		0494D40E2F47429A009C8271 /* ggml-cpu.c in Sources */ = {isa = PBXBuildFile; fileRef = 0494D4022F47429A009C8271 /* ggml-cpu.c */; };
		0494D40F2F47429A009C8271 /* unary-ops.cpp in Sources */ = {isa = PBXBuildFile; fileRef = 0494D4082F47429A009C8271 /* unary-ops.cpp */; };
		0494D4102F47429A009C8271 /* ggml-cpu.cpp in Sources */ = {isa = PBXBuildFile; fileRef = 0494D4032F47429A009C8271 /* ggml-cpu.cpp */; };
		0494D4112F47429A009C8271 /* quants.c in Sources */ = {isa = PBXBuildFile; fileRef = 0494D4052F47429A009C8271 /* quants.c */; };
		0494D4122F47429A009C8271 /* repack.cpp in Sources */ = {isa = PBXBuildFile; fileRef = 0494D4062F47429A009C8271 /* repack.cpp */; };
		0494D4192F4742E6009C8271 /* ggml-metal-device.cpp in Sources */ = {isa = PBXBuildFile; fileRef = 0494D4162F4742E6009C8271 /* ggml-metal-device.cpp */; };
		0494D41A2F4742E6009C8271 /* ggml-metal-ops.cpp in Sources */ = {isa = PBXBuildFile; fileRef = 0494D4182F4742E6009C8271 /* ggml-metal-ops.cpp */; };
		0494D41B2F4742E6009C8271 /* ggml-metal-common.cpp in Sources */ = {isa = PBXBuildFile; fileRef = 0494D4142F4742E6009C8271 /* ggml-metal-common.cpp */; };
		0494D41C2F4742E6009C8271 /* ggml-metal-context.m in Sources */ = {isa = PBXBuildFile; fileRef = 0494D4152F4742E6009C8271 /* ggml-metal-context.m */; settings = {COMPILER_FLAGS = "-fno-objc-arc"; }; };
		0494D41D2F4742E6009C8271 /* ggml-metal-device.m in Sources */ = {isa = PBXBuildFile; fileRef = 0494D4172F4742E6009C8271 /* ggml-metal-device.m */; settings = {COMPILER_FLAGS = "-fno-objc-arc"; }; };
		0494D41E2F4742E6009C8271 /* ggml-metal.cpp in Sources */ = {isa = PBXBuildFile; fileRef = 0494D4132F4742E6009C8271 /* ggml-metal.cpp */; };
		0494D4202F48544C009C8271 /* libwhisper.a in Frameworks */ = {isa = PBXBuildFile; fileRef = 0494D3E92F473EE3009C8271 /* libwhisper.a */; };
		0494D4262F48F61B009C8271 /* ggml-backend-dl.cpp in Sources */ = {isa = PBXBuildFile; fileRef = 0494D4252F48F61B009C8271 /* ggml-backend-dl.cpp */; };
		0494D4282F48F669009C8271 /* Metal.framework in Frameworks */ = {isa = PBXBuildFile; fileRef = 0494D4272F48F669009C8271 /* Metal.framework */; };
		0494D42A2F48F672009C8271 /* MetalKit.framework in Frameworks */ = {isa = PBXBuildFile; fileRef = 0494D4292F48F672009C8271 /* MetalKit.framework */; };
		0494D42C2F48F680009C8271 /* Accelerate.framework in Frameworks */ = {isa = PBXBuildFile; fileRef = 0494D42B2F48F680009C8271 /* Accelerate.framework */; };
		0494D42E2F48F689009C8271 /* CoreAudio.framework in Frameworks */ = {isa = PBXBuildFile; fileRef = 0494D42D2F48F689009C8271 /* CoreAudio.framework */; };
		0494D4302F499861009C8271 /* hbm.cpp in Sources */ = {isa = PBXBuildFile; fileRef = 0494D42F2F499861009C8271 /* hbm.cpp */; };
		0494D4322F49988E009C8271 /* amx.cpp in Sources */ = {isa = PBXBuildFile; fileRef = 0494D4312F49988E009C8271 /* amx.cpp */; };
		0494D4342F4998AF009C8271 /* cpu-feats.cpp in Sources */ = {isa = PBXBuildFile; fileRef = 0494D4332F4998AF009C8271 /* cpu-feats.cpp */; };
		0494D4372F49B456009C8271 /* quants.c in Sources */ = {isa = PBXBuildFile; fileRef = 0494D4352F49B456009C8271 /* quants.c */; };
		0494D4382F49B456009C8271 /* repack.cpp in Sources */ = {isa = PBXBuildFile; fileRef = 0494D4362F49B456009C8271 /* repack.cpp */; };
		0494D43E2F49C096009C8271 /* TextFormatter.swift in Sources */ = {isa = PBXBuildFile; fileRef = 0494D43D2F49C096009C8271 /* TextFormatter.swift */; };
/* End PBXBuildFile section */

/* Begin PBXContainerItemProxy section */
		0494D4212F4854A7009C8271 /* PBXContainerItemProxy */ = {
			isa = PBXContainerItemProxy;
			containerPortal = 04E391F72F471FDA009F6F4F /* Project object */;
			proxyType = 1;
			remoteGlobalIDString = 0494D3E82F473EE3009C8271;
			remoteInfo = whisper;
		};
/* End PBXContainerItemProxy section */

/* Begin PBXFileReference section */
		0494D3E92F473EE3009C8271 /* libwhisper.a */ = {isa = PBXFileReference; explicitFileType = archive.ar; includeInIndex = 0; path = libwhisper.a; sourceTree = BUILT_PRODUCTS_DIR; };
		0494D3ED2F4740AE009C8271 /* whisper.cpp */ = {isa = PBXFileReference; lastKnownFileType = sourcecode.cpp.cpp; name = whisper.cpp; path = whisper.cpp/src/whisper.cpp; sourceTree = "<group>"; };
		0494D3EF2F47421A009C8271 /* ggml.c */ = {isa = PBXFileReference; lastKnownFileType = sourcecode.c.c; name = ggml.c; path = whisper.cpp/ggml/src/ggml.c; sourceTree = "<group>"; };
		0494D3F02F47421A009C8271 /* ggml.cpp */ = {isa = PBXFileReference; lastKnownFileType = sourcecode.cpp.cpp; name = ggml.cpp; path = whisper.cpp/ggml/src/ggml.cpp; sourceTree = "<group>"; };
		0494D3F12F47421A009C8271 /* ggml-alloc.c */ = {isa = PBXFileReference; lastKnownFileType = sourcecode.c.c; name = "ggml-alloc.c"; path = "whisper.cpp/ggml/src/ggml-alloc.c"; sourceTree = "<group>"; };
		0494D3F22F47421A009C8271 /* ggml-backend.cpp */ = {isa = PBXFileReference; lastKnownFileType = sourcecode.cpp.cpp; name = "ggml-backend.cpp"; path = "whisper.cpp/ggml/src/ggml-backend.cpp"; sourceTree = "<group>"; };
		0494D3F32F47421A009C8271 /* ggml-backend-reg.cpp */ = {isa = PBXFileReference; lastKnownFileType = sourcecode.cpp.cpp; name = "ggml-backend-reg.cpp"; path = "whisper.cpp/ggml/src/ggml-backend-reg.cpp"; sourceTree = "<group>"; };
		0494D3F42F47421A009C8271 /* ggml-opt.cpp */ = {isa = PBXFileReference; lastKnownFileType = sourcecode.cpp.cpp; name = "ggml-opt.cpp"; path = "whisper.cpp/ggml/src/ggml-opt.cpp"; sourceTree = "<group>"; };
		0494D3F52F47421A009C8271 /* ggml-quants.c */ = {isa = PBXFileReference; lastKnownFileType = sourcecode.c.c; name = "ggml-quants.c"; path = "whisper.cpp/ggml/src/ggml-quants.c"; sourceTree = "<group>"; };
		0494D3F62F47421A009C8271 /* ggml-threading.cpp */ = {isa = PBXFileReference; lastKnownFileType = sourcecode.cpp.cpp; name = "ggml-threading.cpp"; path = "whisper.cpp/ggml/src/ggml-threading.cpp"; sourceTree = "<group>"; };
		0494D3F72F47421A009C8271 /* gguf.cpp */ = {isa = PBXFileReference; lastKnownFileType = sourcecode.cpp.cpp; name = gguf.cpp; path = whisper.cpp/ggml/src/gguf.cpp; sourceTree = "<group>"; };
		0494D4012F47429A009C8271 /* binary-ops.cpp */ = {isa = PBXFileReference; lastKnownFileType = sourcecode.cpp.cpp; name = "binary-ops.cpp"; path = "whisper.cpp/ggml/src/ggml-cpu/binary-ops.cpp"; sourceTree = "<group>"; };
		0494D4022F47429A009C8271 /* ggml-cpu.c */ = {isa = PBXFileReference; lastKnownFileType = sourcecode.c.c; name = "ggml-cpu.c"; path = "whisper.cpp/ggml/src/ggml-cpu/ggml-cpu.c"; sourceTree = "<group>"; };
		0494D4032F47429A009C8271 /* ggml-cpu.cpp */ = {isa = PBXFileReference; lastKnownFileType = sourcecode.cpp.cpp; name = "ggml-cpu.cpp"; path = "whisper.cpp/ggml/src/ggml-cpu/ggml-cpu.cpp"; sourceTree = "<group>"; };
		0494D4042F47429A009C8271 /* ops.cpp */ = {isa = PBXFileReference; lastKnownFileType = sourcecode.cpp.cpp; name = ops.cpp; path = "whisper.cpp/ggml/src/ggml-cpu/ops.cpp"; sourceTree = "<group>"; };
		0494D4052F47429A009C8271 /* quants.c */ = {isa = PBXFileReference; lastKnownFileType = sourcecode.c.c; name = quants.c; path = "whisper.cpp/ggml/src/ggml-cpu/quants.c"; sourceTree = "<group>"; };
		0494D4062F47429A009C8271 /* repack.cpp */ = {isa = PBXFileReference; lastKnownFileType = sourcecode.cpp.cpp; name = repack.cpp; path = "whisper.cpp/ggml/src/ggml-cpu/repack.cpp"; sourceTree = "<group>"; };
		0494D4072F47429A009C8271 /* traits.cpp */ = {isa = PBXFileReference; lastKnownFileType = sourcecode.cpp.cpp; name = traits.cpp; path = "whisper.cpp/ggml/src/ggml-cpu/traits.cpp"; sourceTree = "<group>"; };
		0494D4082F47429A009C8271 /* unary-ops.cpp */ = {isa = PBXFileReference; lastKnownFileType = sourcecode.cpp.cpp; name = "unary-ops.cpp"; path = "whisper.cpp/ggml/src/ggml-cpu/unary-ops.cpp"; sourceTree = "<group>"; };
		0494D4092F47429A009C8271 /* vec.cpp */ = {isa = PBXFileReference; lastKnownFileType = sourcecode.cpp.cpp; name = vec.cpp; path = "whisper.cpp/ggml/src/ggml-cpu/vec.cpp"; sourceTree = "<group>"; };
		0494D4132F4742E6009C8271 /* ggml-metal.cpp */ = {isa = PBXFileReference; lastKnownFileType = sourcecode.cpp.cpp; name = "ggml-metal.cpp"; path = "whisper.cpp/ggml/src/ggml-metal/ggml-metal.cpp"; sourceTree = "<group>"; };
		0494D4142F4742E6009C8271 /* ggml-metal-common.cpp */ = {isa = PBXFileReference; lastKnownFileType = sourcecode.cpp.cpp; name = "ggml-metal-common.cpp"; path = "whisper.cpp/ggml/src/ggml-metal/ggml-metal-common.cpp"; sourceTree = "<group>"; };
		0494D4152F4742E6009C8271 /* ggml-metal-context.m */ = {isa = PBXFileReference; lastKnownFileType = sourcecode.c.objc; name = "ggml-metal-context.m"; path = "whisper.cpp/ggml/src/ggml-metal/ggml-metal-context.m"; sourceTree = "<group>"; };
		0494D4162F4742E6009C8271 /* ggml-metal-device.cpp */ = {isa = PBXFileReference; lastKnownFileType = sourcecode.cpp.cpp; name = "ggml-metal-device.cpp"; path = "whisper.cpp/ggml/src/ggml-metal/ggml-metal-device.cpp"; sourceTree = "<group>"; };
		0494D4172F4742E6009C8271 /* ggml-metal-device.m */ = {isa = PBXFileReference; lastKnownFileType = sourcecode.c.objc; name = "ggml-metal-device.m"; path = "whisper.cpp/ggml/src/ggml-metal/ggml-metal-device.m"; sourceTree = "<group>"; };
		0494D4182F4742E6009C8271 /* ggml-metal-ops.cpp */ = {isa = PBXFileReference; lastKnownFileType = sourcecode.cpp.cpp; name = "ggml-metal-ops.cpp"; path = "whisper.cpp/ggml/src/ggml-metal/ggml-metal-ops.cpp"; sourceTree = "<group>"; };
		0494D4252F48F61B009C8271 /* ggml-backend-dl.cpp */ = {isa = PBXFileReference; lastKnownFileType = sourcecode.cpp.cpp; name = "ggml-backend-dl.cpp"; path = "whisper.cpp/ggml/src/ggml-backend-dl.cpp"; sourceTree = "<group>"; };
		0494D4272F48F669009C8271 /* Metal.framework */ = {isa = PBXFileReference; lastKnownFileType = wrapper.framework; name = Metal.framework; path = System/Library/Frameworks/Metal.framework; sourceTree = SDKROOT; };
		0494D4292F48F672009C8271 /* MetalKit.framework */ = {isa = PBXFileReference; lastKnownFileType = wrapper.framework; name = MetalKit.framework; path = System/Library/Frameworks/MetalKit.framework; sourceTree = SDKROOT; };
		0494D42B2F48F680009C8271 /* Accelerate.framework */ = {isa = PBXFileReference; lastKnownFileType = wrapper.framework; name = Accelerate.framework; path = System/Library/Frameworks/Accelerate.framework; sourceTree = SDKROOT; };
		0494D42D2F48F689009C8271 /* CoreAudio.framework */ = {isa = PBXFileReference; lastKnownFileType = wrapper.framework; name = CoreAudio.framework; path = System/Library/Frameworks/CoreAudio.framework; sourceTree = SDKROOT; };
		0494D42F2F499861009C8271 /* hbm.cpp */ = {isa = PBXFileReference; lastKnownFileType = sourcecode.cpp.cpp; name = hbm.cpp; path = "whisper.cpp/ggml/src/ggml-cpu/hbm.cpp"; sourceTree = "<group>"; };
		0494D4312F49988E009C8271 /* amx.cpp */ = {isa = PBXFileReference; lastKnownFileType = sourcecode.cpp.cpp; name = amx.cpp; path = "whisper.cpp/ggml/src/ggml-cpu/amx/amx.cpp"; sourceTree = "<group>"; };
		0494D4332F4998AF009C8271 /* cpu-feats.cpp */ = {isa = PBXFileReference; lastKnownFileType = sourcecode.cpp.cpp; name = "cpu-feats.cpp"; path = "whisper.cpp/ggml/src/ggml-cpu/arch/arm/cpu-feats.cpp"; sourceTree = "<group>"; };
		0494D4352F49B456009C8271 /* quants.c */ = {isa = PBXFileReference; lastKnownFileType = sourcecode.c.c; name = quants.c; path = "whisper.cpp/ggml/src/ggml-cpu/arch/arm/quants.c"; sourceTree = "<group>"; };
		0494D4362F49B456009C8271 /* repack.cpp */ = {isa = PBXFileReference; lastKnownFileType = sourcecode.cpp.cpp; name = repack.cpp; path = "whisper.cpp/ggml/src/ggml-cpu/arch/arm/repack.cpp"; sourceTree = "<group>"; };
		0494D43D2F49C096009C8271 /* TextFormatter.swift */ = {isa = PBXFileReference; lastKnownFileType = sourcecode.swift; name = TextFormatter.swift; path = VoiceDictation/TextProcessing/TextFormatter.swift; sourceTree = SOURCE_ROOT; };
		04E391FF2F471FDA009F6F4F /* VoiceDictation.app */ = {isa = PBXFileReference; explicitFileType = wrapper.application; includeInIndex = 0; path = VoiceDictation.app; sourceTree = BUILT_PRODUCTS_DIR; };
/* End PBXFileReference section */

/* Begin PBXFileSystemSynchronizedRootGroup section */
		04E392012F471FDA009F6F4F /* VoiceDictation */ = {
			isa = PBXFileSystemSynchronizedRootGroup;
			path = VoiceDictation;
			sourceTree = "<group>";
		};
/* End PBXFileSystemSynchronizedRootGroup section */

/* Begin PBXFrameworksBuildPhase section */
		0494D3E72F473EE3009C8271 /* Frameworks */ = {
			isa = PBXFrameworksBuildPhase;
			buildActionMask = 2147483647;
			files = (
			);
			runOnlyForDeploymentPostprocessing = 0;
		};
		04E391FC2F471FDA009F6F4F /* Frameworks */ = {
			isa = PBXFrameworksBuildPhase;
			buildActionMask = 2147483647;
			files = (
				0494D42E2F48F689009C8271 /* CoreAudio.framework in Frameworks */,
				0494D42C2F48F680009C8271 /* Accelerate.framework in Frameworks */,
				0494D42A2F48F672009C8271 /* MetalKit.framework in Frameworks */,
				0494D4282F48F669009C8271 /* Metal.framework in Frameworks */,
				0494D4202F48544C009C8271 /* libwhisper.a in Frameworks */,
			);
			runOnlyForDeploymentPostprocessing = 0;
		};
/* End PBXFrameworksBuildPhase section */

/* Begin PBXGroup section */
		0494D41F2F48544C009C8271 /* Frameworks */ = {
			isa = PBXGroup;
			children = (
				0494D42D2F48F689009C8271 /* CoreAudio.framework */,
				0494D42B2F48F680009C8271 /* Accelerate.framework */,
				0494D4292F48F672009C8271 /* MetalKit.framework */,
				0494D4272F48F669009C8271 /* Metal.framework */,
			);
			name = Frameworks;
			sourceTree = "<group>";
		};
		0494D43C2F49C03D009C8271 /* TextProcessing */ = {
			isa = PBXGroup;
			children = (
				0494D43D2F49C096009C8271 /* TextFormatter.swift */,
			);
			path = TextProcessing;
			sourceTree = "<group>";
		};
		04E391F62F471FDA009F6F4F = {
			isa = PBXGroup;
			children = (
				0494D43C2F49C03D009C8271 /* TextProcessing */,
				0494D4132F4742E6009C8271 /* ggml-metal.cpp */,
				0494D4142F4742E6009C8271 /* ggml-metal-common.cpp */,
				0494D4152F4742E6009C8271 /* ggml-metal-context.m */,
				0494D4162F4742E6009C8271 /* ggml-metal-device.cpp */,
				0494D4172F4742E6009C8271 /* ggml-metal-device.m */,
				0494D4182F4742E6009C8271 /* ggml-metal-ops.cpp */,
				0494D4012F47429A009C8271 /* binary-ops.cpp */,
				0494D4022F47429A009C8271 /* ggml-cpu.c */,
				0494D4032F47429A009C8271 /* ggml-cpu.cpp */,
				0494D4042F47429A009C8271 /* ops.cpp */,
				0494D4052F47429A009C8271 /* quants.c */,
				0494D4062F47429A009C8271 /* repack.cpp */,
				0494D4072F47429A009C8271 /* traits.cpp */,
				0494D4082F47429A009C8271 /* unary-ops.cpp */,
				0494D4092F47429A009C8271 /* vec.cpp */,
				0494D3EF2F47421A009C8271 /* ggml.c */,
				0494D3F02F47421A009C8271 /* ggml.cpp */,
				0494D3F12F47421A009C8271 /* ggml-alloc.c */,
				0494D3F22F47421A009C8271 /* ggml-backend.cpp */,
				0494D3F32F47421A009C8271 /* ggml-backend-reg.cpp */,
				0494D3F42F47421A009C8271 /* ggml-opt.cpp */,
				0494D3F52F47421A009C8271 /* ggml-quants.c */,
				0494D3F62F47421A009C8271 /* ggml-threading.cpp */,
				0494D3F72F47421A009C8271 /* gguf.cpp */,
				0494D3ED2F4740AE009C8271 /* whisper.cpp */,
				0494D4352F49B456009C8271 /* quants.c */,
				0494D4362F49B456009C8271 /* repack.cpp */,
				0494D4312F49988E009C8271 /* amx.cpp */,
				0494D4332F4998AF009C8271 /* cpu-feats.cpp */,
				0494D42F2F499861009C8271 /* hbm.cpp */,
				0494D4252F48F61B009C8271 /* ggml-backend-dl.cpp */,
				04E392012F471FDA009F6F4F /* VoiceDictation */,
				0494D41F2F48544C009C8271 /* Frameworks */,
				04E392002F471FDA009F6F4F /* Products */,
			);
			sourceTree = "<group>";
		};
		04E392002F471FDA009F6F4F /* Products */ = {
			isa = PBXGroup;
			children = (
				04E391FF2F471FDA009F6F4F /* VoiceDictation.app */,
				0494D3E92F473EE3009C8271 /* libwhisper.a */,
			);
			name = Products;
			sourceTree = "<group>";
		};
/* End PBXGroup section */

/* Begin PBXHeadersBuildPhase section */
		0494D3E52F473EE3009C8271 /* Headers */ = {
			isa = PBXHeadersBuildPhase;
			buildActionMask = 2147483647;
			files = (
			);
			runOnlyForDeploymentPostprocessing = 0;
		};
/* End PBXHeadersBuildPhase section */

/* Begin PBXNativeTarget section */
		0494D3E82F473EE3009C8271 /* whisper */ = {
			isa = PBXNativeTarget;
			buildConfigurationList = 0494D3EC2F473EE3009C8271 /* Build configuration list for PBXNativeTarget "whisper" */;
			buildPhases = (
				0494D3E52F473EE3009C8271 /* Headers */,
				0494D3E62F473EE3009C8271 /* Sources */,
				0494D3E72F473EE3009C8271 /* Frameworks */,
			);
			buildRules = (
			);
			dependencies = (
			);
			name = whisper;
			packageProductDependencies = (
			);
			productName = whisper;
			productReference = 0494D3E92F473EE3009C8271 /* libwhisper.a */;
			productType = "com.apple.product-type.library.static";
		};
		04E391FE2F471FDA009F6F4F /* VoiceDictation */ = {
			isa = PBXNativeTarget;
			buildConfigurationList = 04E3920A2F471FDC009F6F4F /* Build configuration list for PBXNativeTarget "VoiceDictation" */;
			buildPhases = (
				04E391FB2F471FDA009F6F4F /* Sources */,
				04E391FC2F471FDA009F6F4F /* Frameworks */,
				04E391FD2F471FDA009F6F4F /* Resources */,
			);
			buildRules = (
			);
			dependencies = (
				0494D4222F4854A7009C8271 /* PBXTargetDependency */,
			);
			fileSystemSynchronizedGroups = (
				04E392012F471FDA009F6F4F /* VoiceDictation */,
			);
			name = VoiceDictation;
			packageProductDependencies = (
			);
			productName = VoiceDictation;
			productReference = 04E391FF2F471FDA009F6F4F /* VoiceDictation.app */;
			productType = "com.apple.product-type.application";
		};
/* End PBXNativeTarget section */

/* Begin PBXProject section */
		04E391F72F471FDA009F6F4F /* Project object */ = {
			isa = PBXProject;
			attributes = {
				BuildIndependentTargetsInParallel = 1;
				LastSwiftUpdateCheck = 2620;
				LastUpgradeCheck = 2620;
				TargetAttributes = {
					0494D3E82F473EE3009C8271 = {
						CreatedOnToolsVersion = 26.2;
					};
					04E391FE2F471FDA009F6F4F = {
						CreatedOnToolsVersion = 26.2;
					};
				};
			};
			buildConfigurationList = 04E391FA2F471FDA009F6F4F /* Build configuration list for PBXProject "VoiceDictation" */;
			developmentRegion = en;
			hasScannedForEncodings = 0;
			knownRegions = (
				en,
				Base,
			);
			mainGroup = 04E391F62F471FDA009F6F4F;
			minimizedProjectReferenceProxies = 1;
			preferredProjectObjectVersion = 77;
			productRefGroup = 04E392002F471FDA009F6F4F /* Products */;
			projectDirPath = "";
			projectRoot = "";
			targets = (
				04E391FE2F471FDA009F6F4F /* VoiceDictation */,
				0494D3E82F473EE3009C8271 /* whisper */,
			);
		};
/* End PBXProject section */

/* Begin PBXResourcesBuildPhase section */
		04E391FD2F471FDA009F6F4F /* Resources */ = {
			isa = PBXResourcesBuildPhase;
			buildActionMask = 2147483647;
			files = (
			);
			runOnlyForDeploymentPostprocessing = 0;
		};
/* End PBXResourcesBuildPhase section */

/* Begin PBXSourcesBuildPhase section */
		0494D3E62F473EE3009C8271 /* Sources */ = {
			isa = PBXSourcesBuildPhase;
			buildActionMask = 2147483647;
			files = (
				0494D3F82F47421A009C8271 /* ggml-opt.cpp in Sources */,
				0494D3F92F47421A009C8271 /* ggml.c in Sources */,
				0494D4192F4742E6009C8271 /* ggml-metal-device.cpp in Sources */,
				0494D41A2F4742E6009C8271 /* ggml-metal-ops.cpp in Sources */,
				0494D41B2F4742E6009C8271 /* ggml-metal-common.cpp in Sources */,
				0494D41C2F4742E6009C8271 /* ggml-metal-context.m in Sources */,
				0494D4372F49B456009C8271 /* quants.c in Sources */,
				0494D4382F49B456009C8271 /* repack.cpp in Sources */,
				0494D41D2F4742E6009C8271 /* ggml-metal-device.m in Sources */,
				0494D41E2F4742E6009C8271 /* ggml-metal.cpp in Sources */,
				0494D3FA2F47421A009C8271 /* ggml-backend-reg.cpp in Sources */,
				0494D4302F499861009C8271 /* hbm.cpp in Sources */,
				0494D3FB2F47421A009C8271 /* ggml-backend.cpp in Sources */,
				0494D40A2F47429A009C8271 /* ops.cpp in Sources */,
				0494D40B2F47429A009C8271 /* traits.cpp in Sources */,
				0494D40C2F47429A009C8271 /* vec.cpp in Sources */,
				0494D40D2F47429A009C8271 /* binary-ops.cpp in Sources */,
				0494D40E2F47429A009C8271 /* ggml-cpu.c in Sources */,
				0494D4262F48F61B009C8271 /* ggml-backend-dl.cpp in Sources */,
				0494D40F2F47429A009C8271 /* unary-ops.cpp in Sources */,
				0494D4322F49988E009C8271 /* amx.cpp in Sources */,
				0494D4102F47429A009C8271 /* ggml-cpu.cpp in Sources */,
				0494D4112F47429A009C8271 /* quants.c in Sources */,
				0494D4122F47429A009C8271 /* repack.cpp in Sources */,
				0494D3FC2F47421A009C8271 /* ggml-threading.cpp in Sources */,
				0494D3FD2F47421A009C8271 /* ggml-quants.c in Sources */,
				0494D3FE2F47421A009C8271 /* ggml.cpp in Sources */,
				0494D4342F4998AF009C8271 /* cpu-feats.cpp in Sources */,
				0494D3FF2F47421A009C8271 /* ggml-alloc.c in Sources */,
				0494D4002F47421A009C8271 /* gguf.cpp in Sources */,
				0494D3EE2F4740AE009C8271 /* whisper.cpp in Sources */,
			);
			runOnlyForDeploymentPostprocessing = 0;
		};
		04E391FB2F471FDA009F6F4F /* Sources */ = {
			isa = PBXSourcesBuildPhase;
			buildActionMask = 2147483647;
			files = (
				0494D43E2F49C096009C8271 /* TextFormatter.swift in Sources */,
			);
			runOnlyForDeploymentPostprocessing = 0;
		};
/* End PBXSourcesBuildPhase section */

/* Begin PBXTargetDependency section */
		0494D4222F4854A7009C8271 /* PBXTargetDependency */ = {
			isa = PBXTargetDependency;
			target = 0494D3E82F473EE3009C8271 /* whisper */;
			targetProxy = 0494D4212F4854A7009C8271 /* PBXContainerItemProxy */;
		};
/* End PBXTargetDependency section */

/* Begin XCBuildConfiguration section */
		0494D3EA2F473EE3009C8271 /* Debug */ = {
			isa = XCBuildConfiguration;
			buildSettings = {
				CLANG_CXX_LANGUAGE_STANDARD = "c++17";
				CODE_SIGN_STYLE = Automatic;
				EXECUTABLE_PREFIX = lib;
				GCC_PREPROCESSOR_DEFINITIONS = (
					"GGML_USE_METAL=1",
					"WHISPER_VERSION=\\\"1.8.3\\\"",
					"GGML_VERSION=\\\"0.9.6\\\"",
					"GGML_COMMIT=\\\"unknown\\\"",
					"GGML_USE_CPU=1",
				);
				HEADER_SEARCH_PATHS = (
					"$(SRCROOT)/whisper.cpp/include/**",
					"$(SRCROOT)/whisper.cpp/ggml/include/**",
					"$(SRCROOT)/whisper.cpp/ggml/src/**",
					"$(SRCROOT)/whisper.cpp/ggml/src/ggml-cpu/**",
				);
				PRODUCT_NAME = "$(TARGET_NAME)";
				SKIP_INSTALL = YES;
			};
			name = Debug;
		};
		0494D3EB2F473EE3009C8271 /* Release */ = {
			isa = XCBuildConfiguration;
			buildSettings = {
				CLANG_CXX_LANGUAGE_STANDARD = "c++17";
				CODE_SIGN_STYLE = Automatic;
				EXECUTABLE_PREFIX = lib;
				GCC_PREPROCESSOR_DEFINITIONS = (
					"GGML_USE_METAL=1",
					"WHISPER_VERSION=\\\"1.8.3\\\"",
					"GGML_VERSION=\\\"0.9.6\\\"",
					"GGML_COMMIT=\\\"unknown\\\"",
					"GGML_USE_CPU=1",
				);
				HEADER_SEARCH_PATHS = (
					"$(SRCROOT)/whisper.cpp/include/**",
					"$(SRCROOT)/whisper.cpp/ggml/include/**",
					"$(SRCROOT)/whisper.cpp/ggml/src/**",
					"$(SRCROOT)/whisper.cpp/ggml/src/ggml-cpu/**",
				);
				PRODUCT_NAME = "$(TARGET_NAME)";
				SKIP_INSTALL = YES;
			};
			name = Release;
		};
		04E392082F471FDC009F6F4F /* Debug */ = {
			isa = XCBuildConfiguration;
			buildSettings = {
				ALWAYS_SEARCH_USER_PATHS = NO;
				ASSETCATALOG_COMPILER_GENERATE_SWIFT_ASSET_SYMBOL_EXTENSIONS = YES;
				CLANG_ANALYZER_NONNULL = YES;
				CLANG_ANALYZER_NUMBER_OBJECT_CONVERSION = YES_AGGRESSIVE;
				CLANG_CXX_LANGUAGE_STANDARD = "gnu++20";
				CLANG_ENABLE_MODULES = YES;
				CLANG_ENABLE_OBJC_ARC = YES;
				CLANG_ENABLE_OBJC_WEAK = YES;
				CLANG_WARN_BLOCK_CAPTURE_AUTORELEASING = YES;
				CLANG_WARN_BOOL_CONVERSION = YES;
				CLANG_WARN_COMMA = YES;
				CLANG_WARN_CONSTANT_CONVERSION = YES;
				CLANG_WARN_DEPRECATED_OBJC_IMPLEMENTATIONS = YES;
				CLANG_WARN_DIRECT_OBJC_ISA_USAGE = YES_ERROR;
				CLANG_WARN_DOCUMENTATION_COMMENTS = YES;
				CLANG_WARN_EMPTY_BODY = YES;
				CLANG_WARN_ENUM_CONVERSION = YES;
				CLANG_WARN_INFINITE_RECURSION = YES;
				CLANG_WARN_INT_CONVERSION = YES;
				CLANG_WARN_NON_LITERAL_NULL_CONVERSION = YES;
				CLANG_WARN_OBJC_IMPLICIT_RETAIN_SELF = YES;
				CLANG_WARN_OBJC_LITERAL_CONVERSION = YES;
				CLANG_WARN_OBJC_ROOT_CLASS = YES_ERROR;
				CLANG_WARN_QUOTED_INCLUDE_IN_FRAMEWORK_HEADER = YES;
				CLANG_WARN_RANGE_LOOP_ANALYSIS = YES;
				CLANG_WARN_STRICT_PROTOTYPES = YES;
				CLANG_WARN_SUSPICIOUS_MOVE = YES;
				CLANG_WARN_UNGUARDED_AVAILABILITY = YES_AGGRESSIVE;
				CLANG_WARN_UNREACHABLE_CODE = YES;
				CLANG_WARN__DUPLICATE_METHOD_MATCH = YES;
				COPY_PHASE_STRIP = NO;
				DEBUG_INFORMATION_FORMAT = dwarf;
				ENABLE_STRICT_OBJC_MSGSEND = YES;
				ENABLE_TESTABILITY = YES;
				ENABLE_USER_SCRIPT_SANDBOXING = YES;
				GCC_C_LANGUAGE_STANDARD = gnu17;
				GCC_DYNAMIC_NO_PIC = NO;
				GCC_NO_COMMON_BLOCKS = YES;
				GCC_OPTIMIZATION_LEVEL = 0;
				GCC_PREPROCESSOR_DEFINITIONS = (
					"DEBUG=1",
					"$(inherited)",
				);
				GCC_WARN_64_TO_32_BIT_CONVERSION = YES;
				GCC_WARN_ABOUT_RETURN_TYPE = YES_ERROR;
				GCC_WARN_UNDECLARED_SELECTOR = YES;
				GCC_WARN_UNINITIALIZED_AUTOS = YES_AGGRESSIVE;
				GCC_WARN_UNUSED_FUNCTION = YES;
				GCC_WARN_UNUSED_VARIABLE = YES;
				LOCALIZATION_PREFERS_STRING_CATALOGS = YES;
				MACOSX_DEPLOYMENT_TARGET = 15.6;
				MTL_ENABLE_DEBUG_INFO = INCLUDE_SOURCE;
				MTL_FAST_MATH = YES;
				ONLY_ACTIVE_ARCH = YES;
				SDKROOT = macosx;
				SWIFT_ACTIVE_COMPILATION_CONDITIONS = "DEBUG $(inherited)";
				SWIFT_OPTIMIZATION_LEVEL = "-Onone";
			};
			name = Debug;
		};
		04E392092F471FDC009F6F4F /* Release */ = {
			isa = XCBuildConfiguration;
			buildSettings = {
				ALWAYS_SEARCH_USER_PATHS = NO;
				ASSETCATALOG_COMPILER_GENERATE_SWIFT_ASSET_SYMBOL_EXTENSIONS = YES;
				CLANG_ANALYZER_NONNULL = YES;
				CLANG_ANALYZER_NUMBER_OBJECT_CONVERSION = YES_AGGRESSIVE;
				CLANG_CXX_LANGUAGE_STANDARD = "gnu++20";
				CLANG_ENABLE_MODULES = YES;
				CLANG_ENABLE_OBJC_ARC = YES;
				CLANG_ENABLE_OBJC_WEAK = YES;
				CLANG_WARN_BLOCK_CAPTURE_AUTORELEASING = YES;
				CLANG_WARN_BOOL_CONVERSION = YES;
				CLANG_WARN_COMMA = YES;
				CLANG_WARN_CONSTANT_CONVERSION = YES;
				CLANG_WARN_DEPRECATED_OBJC_IMPLEMENTATIONS = YES;
				CLANG_WARN_DIRECT_OBJC_ISA_USAGE = YES_ERROR;
				CLANG_WARN_DOCUMENTATION_COMMENTS = YES;
				CLANG_WARN_EMPTY_BODY = YES;
				CLANG_WARN_ENUM_CONVERSION = YES;
				CLANG_WARN_INFINITE_RECURSION = YES;
				CLANG_WARN_INT_CONVERSION = YES;
				CLANG_WARN_NON_LITERAL_NULL_CONVERSION = YES;
				CLANG_WARN_OBJC_IMPLICIT_RETAIN_SELF = YES;
				CLANG_WARN_OBJC_LITERAL_CONVERSION = YES;
				CLANG_WARN_OBJC_ROOT_CLASS = YES_ERROR;
				CLANG_WARN_QUOTED_INCLUDE_IN_FRAMEWORK_HEADER = YES;
				CLANG_WARN_RANGE_LOOP_ANALYSIS = YES;
				CLANG_WARN_STRICT_PROTOTYPES = YES;
				CLANG_WARN_SUSPICIOUS_MOVE = YES;
				CLANG_WARN_UNGUARDED_AVAILABILITY = YES_AGGRESSIVE;
				CLANG_WARN_UNREACHABLE_CODE = YES;
				CLANG_WARN__DUPLICATE_METHOD_MATCH = YES;
				COPY_PHASE_STRIP = NO;
				DEBUG_INFORMATION_FORMAT = "dwarf-with-dsym";
				ENABLE_NS_ASSERTIONS = NO;
				ENABLE_STRICT_OBJC_MSGSEND = YES;
				ENABLE_USER_SCRIPT_SANDBOXING = YES;
				GCC_C_LANGUAGE_STANDARD = gnu17;
				GCC_NO_COMMON_BLOCKS = YES;
				GCC_WARN_64_TO_32_BIT_CONVERSION = YES;
				GCC_WARN_ABOUT_RETURN_TYPE = YES_ERROR;
				GCC_WARN_UNDECLARED_SELECTOR = YES;
				GCC_WARN_UNINITIALIZED_AUTOS = YES_AGGRESSIVE;
				GCC_WARN_UNUSED_FUNCTION = YES;
				GCC_WARN_UNUSED_VARIABLE = YES;
				LOCALIZATION_PREFERS_STRING_CATALOGS = YES;
				MACOSX_DEPLOYMENT_TARGET = 15.6;
				MTL_ENABLE_DEBUG_INFO = NO;
				MTL_FAST_MATH = YES;
				SDKROOT = macosx;
				SWIFT_COMPILATION_MODE = wholemodule;
			};
			name = Release;
		};
		04E3920B2F471FDC009F6F4F /* Debug */ = {
			isa = XCBuildConfiguration;
			buildSettings = {
				ASSETCATALOG_COMPILER_APPICON_NAME = AppIcon;
				ASSETCATALOG_COMPILER_GLOBAL_ACCENT_COLOR_NAME = AccentColor;
				CODE_SIGN_STYLE = Automatic;
				COMBINE_HIDPI_IMAGES = YES;
				CURRENT_PROJECT_VERSION = 1;
				DEVELOPMENT_TEAM = 5GN62XQ89A;
				ENABLE_APP_SANDBOX = NO;
				ENABLE_PREVIEWS = YES;
				GENERATE_INFOPLIST_FILE = YES;
				HEADER_SEARCH_PATHS = (
					"$(SRCROOT)/whisper.cpp/include/**",
					"$(SRCROOT)/whisper.cpp/ggml/include/**",
				);
				INFOPLIST_FILE = VoiceDictation/Resources/Info.plist;
				INFOPLIST_KEY_LSUIElement = YES;
				INFOPLIST_KEY_NSHumanReadableCopyright = "";
				LD_RUNPATH_SEARCH_PATHS = (
					"$(inherited)",
					"@executable_path/../Frameworks",
				);
				MARKETING_VERSION = 1.0;
				PRODUCT_BUNDLE_IDENTIFIER = com.jackl123.VoiceDictation;
				PRODUCT_NAME = "$(TARGET_NAME)";
				REGISTER_APP_GROUPS = YES;
				STRING_CATALOG_GENERATE_SYMBOLS = YES;
				SWIFT_APPROACHABLE_CONCURRENCY = YES;
				SWIFT_DEFAULT_ACTOR_ISOLATION = MainActor;
				SWIFT_EMIT_LOC_STRINGS = YES;
				SWIFT_OBJC_BRIDGING_HEADER = "VoiceDictation/Resources/VoiceDictation-Bridging-Header.h";
				SWIFT_UPCOMING_FEATURE_MEMBER_IMPORT_VISIBILITY = YES;
				SWIFT_VERSION = 5.0;
			};
			name = Debug;
		};
		04E3920C2F471FDC009F6F4F /* Release */ = {
			isa = XCBuildConfiguration;
			buildSettings = {
				ASSETCATALOG_COMPILER_APPICON_NAME = AppIcon;
				ASSETCATALOG_COMPILER_GLOBAL_ACCENT_COLOR_NAME = AccentColor;
				CODE_SIGN_STYLE = Automatic;
				COMBINE_HIDPI_IMAGES = YES;
				CURRENT_PROJECT_VERSION = 1;
				DEVELOPMENT_TEAM = 5GN62XQ89A;
				ENABLE_APP_SANDBOX = NO;
				ENABLE_PREVIEWS = YES;
				GENERATE_INFOPLIST_FILE = YES;
				HEADER_SEARCH_PATHS = (
					"$(SRCROOT)/whisper.cpp/include/**",
					"$(SRCROOT)/whisper.cpp/ggml/include/**",
				);
				INFOPLIST_FILE = VoiceDictation/Resources/Info.plist;
				INFOPLIST_KEY_LSUIElement = YES;
				INFOPLIST_KEY_NSHumanReadableCopyright = "";
				LD_RUNPATH_SEARCH_PATHS = (
					"$(inherited)",
					"@executable_path/../Frameworks",
				);
				MARKETING_VERSION = 1.0;
				PRODUCT_BUNDLE_IDENTIFIER = com.jackl123.VoiceDictation;
				PRODUCT_NAME = "$(TARGET_NAME)";
				REGISTER_APP_GROUPS = YES;
				STRING_CATALOG_GENERATE_SYMBOLS = YES;
				SWIFT_APPROACHABLE_CONCURRENCY = YES;
				SWIFT_DEFAULT_ACTOR_ISOLATION = MainActor;
				SWIFT_EMIT_LOC_STRINGS = YES;
				SWIFT_OBJC_BRIDGING_HEADER = "VoiceDictation/Resources/VoiceDictation-Bridging-Header.h";
				SWIFT_UPCOMING_FEATURE_MEMBER_IMPORT_VISIBILITY = YES;
				SWIFT_VERSION = 5.0;
			};
			name = Release;
		};
/* End XCBuildConfiguration section */

/* Begin XCConfigurationList section */
		0494D3EC2F473EE3009C8271 /* Build configuration list for PBXNativeTarget "whisper" */ = {
			isa = XCConfigurationList;
			buildConfigurations = (
				0494D3EA2F473EE3009C8271 /* Debug */,
				0494D3EB2F473EE3009C8271 /* Release */,
			);
			defaultConfigurationIsVisible = 0;
			defaultConfigurationName = Release;
		};
		04E391FA2F471FDA009F6F4F /* Build configuration list for PBXProject "VoiceDictation" */ = {
			isa = XCConfigurationList;
			buildConfigurations = (
				04E392082F471FDC009F6F4F /* Debug */,
				04E392092F471FDC009F6F4F /* Release */,
			);
			defaultConfigurationIsVisible = 0;
			defaultConfigurationName = Release;
		};
		04E3920A2F471FDC009F6F4F /* Build configuration list for PBXNativeTarget "VoiceDictation" */ = {
			isa = XCConfigurationList;
			buildConfigurations = (
				04E3920B2F471FDC009F6F4F /* Debug */,
				04E3920C2F471FDC009F6F4F /* Release */,
			);
			defaultConfigurationIsVisible = 0;
			defaultConfigurationName = Release;
		};
/* End XCConfigurationList section */
	};
	rootObject = 04E391F72F471FDA009F6F4F /* Project object */;
}
